Microsoft Visual Studio Solution File, Format Version 12.00
# Visual Studio Version 17
VisualStudioVersion = 17.0.0.0
MinimumVisualStudioVersion = 10.0.40219.1
Project("{FAE04EC0-301F-11D3-BF4B-00C04F79EFBC}") = "AiUoVsix.Command.SqlSugarGen", "src\AiUoVsix.Command.SqlSugarGen\AiUoVsix.Command.SqlSugarGen.csproj", "{EEAC623A-1079-4EB8-A9CB-265096576C96}"
EndProject
Project("{FAE04EC0-301F-11D3-BF4B-00C04F79EFBC}") = "AiUoVsix.Command.NugetPublish", "src\AiUoVsix.Command.NugetPublish\AiUoVsix.Command.NugetPublish.csproj", "{E144957C-8930-445A-AACC-15E9AF61D19F}"
EndProject
Project("{FAE04EC0-301F-11D3-BF4B-00C04F79EFBC}") = "AiUoVsix.Command.DockerPublish", "src\AiUoVsix.Command.DockerPublish\AiUoVsix.Command.DockerPublish.csproj", "{BAA7EB4B-5AF3-4537-8664-997F44A9986E}"
EndProject
Project("{FAE04EC0-301F-11D3-BF4B-00C04F79EFBC}") = "AiUoVsix", "src\AiUoVsix\AiUoVsix.csproj", "{8E2F55F5-E714-4F63-9A89-6C9E1A6F7BE1}"
EndProject
Project("{FAE04EC0-301F-11D3-BF4B-00C04F79EFBC}") = "AiUoVsix.Common", "src\AiUoVsix.Common\AiUoVsix.Common.csproj", "{D69038D1-4DBE-4FF6-8635-CB224560149A}"
EndProject
Global
	GlobalSection(SolutionConfigurationPlatforms) = preSolution
		Debug|Any CPU = Debug|Any CPU
		Release|Any CPU = Release|Any CPU
	EndGlobalSection
	GlobalSection(ProjectConfigurationPlatforms) = postSolution
		{EEAC623A-1079-4EB8-A9CB-265096576C96}.Debug|Any CPU.ActiveCfg = Debug|Any CPU
		{EEAC623A-1079-4EB8-A9CB-265096576C96}.Debug|Any CPU.Build.0 = Debug|Any CPU
		{EEAC623A-1079-4EB8-A9CB-265096576C96}.Release|Any CPU.ActiveCfg = Release|Any CPU
		{EEAC623A-1079-4EB8-A9CB-265096576C96}.Release|Any CPU.Build.0 = Release|Any CPU
		{E144957C-8930-445A-AACC-15E9AF61D19F}.Debug|Any CPU.ActiveCfg = Debug|Any CPU
		{E144957C-8930-445A-AACC-15E9AF61D19F}.Debug|Any CPU.Build.0 = Debug|Any CPU
		{E144957C-8930-445A-AACC-15E9AF61D19F}.Release|Any CPU.ActiveCfg = Release|Any CPU
		{E144957C-8930-445A-AACC-15E9AF61D19F}.Release|Any CPU.Build.0 = Release|Any CPU
		{BAA7EB4B-5AF3-4537-8664-997F44A9986E}.Debug|Any CPU.ActiveCfg = Debug|Any CPU
		{BAA7EB4B-5AF3-4537-8664-997F44A9986E}.Debug|Any CPU.Build.0 = Debug|Any CPU
		{BAA7EB4B-5AF3-4537-8664-997F44A9986E}.Release|Any CPU.ActiveCfg = Release|Any CPU
		{BAA7EB4B-5AF3-4537-8664-997F44A9986E}.Release|Any CPU.Build.0 = Release|Any CPU
		{8E2F55F5-E714-4F63-9A89-6C9E1A6F7BE1}.Debug|Any CPU.ActiveCfg = Debug|Any CPU
		{8E2F55F5-E714-4F63-9A89-6C9E1A6F7BE1}.Debug|Any CPU.Build.0 = Debug|Any CPU
		{8E2F55F5-E714-4F63-9A89-6C9E1A6F7BE1}.Release|Any CPU.ActiveCfg = Release|Any CPU
		{8E2F55F5-E714-4F63-9A89-6C9E1A6F7BE1}.Release|Any CPU.Build.0 = Release|Any CPU
		{D69038D1-4DBE-4FF6-8635-CB224560149A}.Debug|Any CPU.ActiveCfg = Debug|Any CPU
		{D69038D1-4DBE-4FF6-8635-CB224560149A}.Debug|Any CPU.Build.0 = Debug|Any CPU
		{D69038D1-4DBE-4FF6-8635-CB224560149A}.Release|Any CPU.ActiveCfg = Release|Any CPU
		{D69038D1-4DBE-4FF6-8635-CB224560149A}.Release|Any CPU.Build.0 = Release|Any CPU
	EndGlobalSection
	GlobalSection(SolutionProperties) = preSolution
		HideSolutionNode = FALSE
	EndGlobalSection
	GlobalSection(ExtensibilityGlobals) = postSolution
		SolutionGuid = {EC2E83F1-BE3E-4D20-8BCC-444A0BE14B04}
	EndGlobalSection
EndGlobal
