Microsoft Visual Studio Solution File, Format Version 12.00
# Visual Studio Version 17
VisualStudioVersion = 17.5.2.0
MinimumVisualStudioVersion = 10.0.40219.1
Project("{FAE04EC0-301F-11D3-BF4B-00C04F79EFBC}") = "AiUoVsix.Command.EntityFrameworkCore", "AiUoVsix.Command.EntityFrameworkCore.csproj", "{79BD1952-CF15-45FE-03C3-E81EC6860066}"
EndProject
Global
	GlobalSection(SolutionConfigurationPlatforms) = preSolution
		Debug|Any CPU = Debug|Any CPU
		Release|Any CPU = Release|Any CPU
	EndGlobalSection
	GlobalSection(ProjectConfigurationPlatforms) = postSolution
		{79BD1952-CF15-45FE-03C3-E81EC6860066}.Debug|Any CPU.ActiveCfg = Debug|Any CPU
		{79BD1952-CF15-45FE-03C3-E81EC6860066}.Debug|Any CPU.Build.0 = Debug|Any CPU
		{79BD1952-CF15-45FE-03C3-E81EC6860066}.Release|Any CPU.ActiveCfg = Release|Any CPU
		{79BD1952-CF15-45FE-03C3-E81EC6860066}.Release|Any CPU.Build.0 = Release|Any CPU
	EndGlobalSection
	GlobalSection(SolutionProperties) = preSolution
		HideSolutionNode = FALSE
	EndGlobalSection
	GlobalSection(ExtensibilityGlobals) = postSolution
		SolutionGuid = {A792E8BD-71D1-4371-824F-AB6AE7917BF9}
	EndGlobalSection
EndGlobal
