Microsoft Visual Studio Solution File, Format Version 12.00
# Visual Studio Version 17
VisualStudioVersion = 17.5.2.0
MinimumVisualStudioVersion = 10.0.40219.1
Project("{FAE04EC0-301F-11D3-BF4B-00C04F79EFBC}") = "AiUoVsix", "AiUoVsix\AiUoVsix.csproj", "{ECF5AE7B-848B-A9C2-F695-2495B6B49F38}"
EndProject
Project("{FAE04EC0-301F-11D3-BF4B-00C04F79EFBC}") = "AiUoVsix.Command.DockerPublish", "AiUoVsix.Command.DockerPublish\AiUoVsix.Command.DockerPublish.csproj", "{1F2C0AEA-EC57-68EC-5395-2A0BCD70EF1D}"
EndProject
Project("{FAE04EC0-301F-11D3-BF4B-00C04F79EFBC}") = "AiUoVsix.Command.NugetPublish", "AiUoVsix.Command.NugetPublish\AiUoVsix.Command.NugetPublish.csproj", "{ABBF7ACD-E5D4-FD46-E3C5-991C27C310E4}"
EndProject
Project("{FAE04EC0-301F-11D3-BF4B-00C04F79EFBC}") = "AiUoVsix.Command.SqlSugarGen", "AiUoVsix.Command.SqlSugarGen\AiUoVsix.Command.SqlSugarGen.csproj", "{51E0FEFC-8490-B801-10EB-655FCCCA4912}"
EndProject
Project("{FAE04EC0-301F-11D3-BF4B-00C04F79EFBC}") = "AiUoVsix.Common", "AiUoVsix.Common\AiUoVsix.Common.csproj", "{880B2CC5-1E9C-E31B-0788-90BAE5664480}"
EndProject
Global
	GlobalSection(SolutionConfigurationPlatforms) = preSolution
		Debug|Any CPU = Debug|Any CPU
		Release|Any CPU = Release|Any CPU
	EndGlobalSection
	GlobalSection(ProjectConfigurationPlatforms) = postSolution
		{ECF5AE7B-848B-A9C2-F695-2495B6B49F38}.Debug|Any CPU.ActiveCfg = Debug|Any CPU
		{ECF5AE7B-848B-A9C2-F695-2495B6B49F38}.Debug|Any CPU.Build.0 = Debug|Any CPU
		{ECF5AE7B-848B-A9C2-F695-2495B6B49F38}.Release|Any CPU.ActiveCfg = Release|Any CPU
		{ECF5AE7B-848B-A9C2-F695-2495B6B49F38}.Release|Any CPU.Build.0 = Release|Any CPU
		{1F2C0AEA-EC57-68EC-5395-2A0BCD70EF1D}.Debug|Any CPU.ActiveCfg = Debug|Any CPU
		{1F2C0AEA-EC57-68EC-5395-2A0BCD70EF1D}.Debug|Any CPU.Build.0 = Debug|Any CPU
		{1F2C0AEA-EC57-68EC-5395-2A0BCD70EF1D}.Release|Any CPU.ActiveCfg = Release|Any CPU
		{1F2C0AEA-EC57-68EC-5395-2A0BCD70EF1D}.Release|Any CPU.Build.0 = Release|Any CPU
		{ABBF7ACD-E5D4-FD46-E3C5-991C27C310E4}.Debug|Any CPU.ActiveCfg = Debug|Any CPU
		{ABBF7ACD-E5D4-FD46-E3C5-991C27C310E4}.Debug|Any CPU.Build.0 = Debug|Any CPU
		{ABBF7ACD-E5D4-FD46-E3C5-991C27C310E4}.Release|Any CPU.ActiveCfg = Release|Any CPU
		{ABBF7ACD-E5D4-FD46-E3C5-991C27C310E4}.Release|Any CPU.Build.0 = Release|Any CPU
		{51E0FEFC-8490-B801-10EB-655FCCCA4912}.Debug|Any CPU.ActiveCfg = Debug|Any CPU
		{51E0FEFC-8490-B801-10EB-655FCCCA4912}.Debug|Any CPU.Build.0 = Debug|Any CPU
		{51E0FEFC-8490-B801-10EB-655FCCCA4912}.Release|Any CPU.ActiveCfg = Release|Any CPU
		{51E0FEFC-8490-B801-10EB-655FCCCA4912}.Release|Any CPU.Build.0 = Release|Any CPU
		{880B2CC5-1E9C-E31B-0788-90BAE5664480}.Debug|Any CPU.ActiveCfg = Debug|Any CPU
		{880B2CC5-1E9C-E31B-0788-90BAE5664480}.Debug|Any CPU.Build.0 = Debug|Any CPU
		{880B2CC5-1E9C-E31B-0788-90BAE5664480}.Release|Any CPU.ActiveCfg = Release|Any CPU
		{880B2CC5-1E9C-E31B-0788-90BAE5664480}.Release|Any CPU.Build.0 = Release|Any CPU
	EndGlobalSection
	GlobalSection(SolutionProperties) = preSolution
		HideSolutionNode = FALSE
	EndGlobalSection
	GlobalSection(ExtensibilityGlobals) = postSolution
		SolutionGuid = {A9DF55F0-0CAE-4044-9921-3873833C9D26}
	EndGlobalSection
EndGlobal
